
Microsoft Visual Studio Solution File, Format Version 12.00
# Visual Studio Version 17
VisualStudioVersion = 17.14.37614.0
MinimumVisualStudioVersion = 10.0.40219.1
Project("{2150E333-8FDC-42A3-9474-1A3956D46DE8}") = "Task0", "Task0", "{02EA681E-C7D8-13C7-8484-4AC65E1B71E8}"
EndProject
Project("{FAE04EC0-301F-11D3-BF4B-00C04F79EFBC}") = "Tyuiu.SartakovaKA.Sprint0.Task0.V0", "Tyuiu.SartakovaKA.Sprint0.Task0.V0\Tyuiu.SartakovaKA.Sprint0.Task0.V0.csproj", "{FBE21457-A352-4DEE-A11B-1837050CEC66}"
EndProject
Project("{2150E333-8FDC-42A3-9474-1A3956D46DE8}") = "Task1", "Task1", "{1391E085-D359-4923-8AC7-A1191E366F8E}"
EndProject
Project("{FAE04EC0-301F-11D3-BF4B-00C04F79EFBC}") = "Tyuiu.SartakovaKA.Sprint0.Task1.V1", "Tyuiu.SartakovaKA.Sprint0.Task1.V1\Tyuiu.SartakovaKA.Sprint0.Task1.V1.csproj", "{63660C7C-E350-4716-9D41-4273A2CAD24A}"
EndProject
Project("{2150E333-8FDC-42A3-9474-1A3956D46DE8}") = "Task2", "Task2", "{40094CF0-AE67-4B90-B391-D61AFF3A9F36}"
EndProject
Project("{FAE04EC0-301F-11D3-BF4B-00C04F79EFBC}") = "Tyuiu.SartakovaKA.Sprint0.Task2.V1", "Tyuiu.SartakovaKA.Sprint0.Task2.V1\Tyuiu.SartakovaKA.Sprint0.Task2.V1.csproj", "{3BF4A17D-992B-4ADF-AB70-25309E83B654}"
EndProject
Project("{FAE04EC0-301F-11D3-BF4B-00C04F79EFBC}") = "Tyuiu.SartakovaKA.Sprint0.Task2.V1.Lib", "Tyuiu.SartakovaKA.Sprint0.Task2.V1.Lib\Tyuiu.SartakovaKA.Sprint0.Task2.V1.Lib.csproj", "{25E4505D-6479-4ADC-9858-545CE2C8C362}"
EndProject
Project("{FAE04EC0-301F-11D3-BF4B-00C04F79EFBC}") = "Tyuiu.SartakovaKA.Sprint0.Task2.V1.Test", "Tyuiu.SartakovaKA.Sprint0.Task2.V1.Test\Tyuiu.SartakovaKA.Sprint0.Task2.V1.Test.csproj", "{490D206E-57FA-4D5D-91B1-50A0B5469F4C}"
EndProject
Project("{2150E333-8FDC-42A3-9474-1A3956D46DE8}") = "Task3", "Task3", "{70897ED2-6CA1-467E-9E5F-B874A092309D}"
EndProject
Project("{FAE04EC0-301F-11D3-BF4B-00C04F79EFBC}") = "Tyuiu.SartakovaKA.Sprint0.Task3.V1", "Tyuiu.SartakovaKA.Sprint0.Task3.V1\Tyuiu.SartakovaKA.Sprint0.Task3.V1.csproj", "{E2ACB1AE-D73D-443E-87A3-76285C46CB21}"
EndProject
Project("{FAE04EC0-301F-11D3-BF4B-00C04F79EFBC}") = "Tyuiu.SartakovaKA.Sprint0.Task3.V1.Lib", "Tyuiu.SartakovaKA.Sprint0.Task3.V1.Lib\Tyuiu.SartakovaKA.Sprint0.Task3.V1.Lib.csproj", "{FEB28673-BC0D-4A70-9D98-8044F1825980}"
EndProject
Project("{FAE04EC0-301F-11D3-BF4B-00C04F79EFBC}") = "Tyuiu.SartakovaKA.Sprint0.Task3.V1.Test", "Tyuiu.SartakovaKA.Sprint0.Task3.V1.Test\Tyuiu.SartakovaKA.Sprint0.Task3.V1.Test.csproj", "{DE2EF300-8081-49FC-8F46-02F11B8A29B5}"
EndProject
Project("{2150E333-8FDC-42A3-9474-1A3956D46DE8}") = "Task4", "Task4", "{D7568E5D-AD3F-4472-AAC9-6C476FD34950}"
EndProject
Project("{FAE04EC0-301F-11D3-BF4B-00C04F79EFBC}") = "Tyuiu.SartakovaKA.Sprint0.Task4.V1", "Tyuiu.SartakovaKA.Sprint0.Task4.V1\Tyuiu.SartakovaKA.Sprint0.Task4.V1.csproj", "{F6D94ADC-F617-4B3A-AF0B-A2C7E3B676C1}"
EndProject
Project("{FAE04EC0-301F-11D3-BF4B-00C04F79EFBC}") = "Tyuiu.SartakovaKA.Sprint0.Task4.V1.Lib", "Tyuiu.SartakovaKA.Sprint0.Task4.V1.Lib\Tyuiu.SartakovaKA.Sprint0.Task4.V1.Lib.csproj", "{F60D636E-CF77-40B7-B1F7-24FF536A3379}"
EndProject
Project("{FAE04EC0-301F-11D3-BF4B-00C04F79EFBC}") = "Tyuiu.SartakovaKA.Sprint0.Task4.V1.Test", "Tyuiu.SartakovaKA.Sprint0.Task4.V1.Test\Tyuiu.SartakovaKA.Sprint0.Task4.V1.Test.csproj", "{5A25CD99-14C6-428D-9987-8E0386000F2F}"
EndProject
Project("{2150E333-8FDC-42A3-9474-1A3956D46DE8}") = "Task5", "Task5", "{A2C8F750-33BD-4FDD-A093-919FFC177AF7}"
EndProject
Project("{FAE04EC0-301F-11D3-BF4B-00C04F79EFBC}") = "Tyuiu.SartakovaKA.Sprint0.Task5.V1", "Tyuiu.SartakovaKA.Sprint0.Task5.V1\Tyuiu.SartakovaKA.Sprint0.Task5.V1.csproj", "{349A7E6C-40D4-4D22-8127-ABF08B268E63}"
EndProject
Project("{FAE04EC0-301F-11D3-BF4B-00C04F79EFBC}") = "Tyuiu.SartakovaKA.Sprint0.Task5.V1.Lib", "Tyuiu.SartakovaKA.Sprint0.Task5.V1.Lib\Tyuiu.SartakovaKA.Sprint0.Task5.V1.Lib.csproj", "{0C354AB2-2E4C-400A-AC4C-AD56ABF65EEB}"
EndProject
Project("{FAE04EC0-301F-11D3-BF4B-00C04F79EFBC}") = "Tyuiu.SartakovaKA.Sprint0.Task5.V1.Test", "Tyuiu.SartakovaKA.Sprint0.Task5.V1.Test\Tyuiu.SartakovaKA.Sprint0.Task5.V1.Test.csproj", "{97D78670-27D7-4989-82FE-F775FFDA1DA8}"
EndProject
Global
	GlobalSection(SolutionConfigurationPlatforms) = preSolution
		Debug|Any CPU = Debug|Any CPU
		Release|Any CPU = Release|Any CPU
	EndGlobalSection
	GlobalSection(ProjectConfigurationPlatforms) = postSolution
		{FBE21457-A352-4DEE-A11B-1837050CEC66}.Debug|Any CPU.ActiveCfg = Debug|Any CPU
		{FBE21457-A352-4DEE-A11B-1837050CEC66}.Debug|Any CPU.Build.0 = Debug|Any CPU
		{FBE21457-A352-4DEE-A11B-1837050CEC66}.Release|Any CPU.ActiveCfg = Release|Any CPU
		{FBE21457-A352-4DEE-A11B-1837050CEC66}.Release|Any CPU.Build.0 = Release|Any CPU
		{63660C7C-E350-4716-9D41-4273A2CAD24A}.Debug|Any CPU.ActiveCfg = Debug|Any CPU
		{63660C7C-E350-4716-9D41-4273A2CAD24A}.Debug|Any CPU.Build.0 = Debug|Any CPU
		{63660C7C-E350-4716-9D41-4273A2CAD24A}.Release|Any CPU.ActiveCfg = Release|Any CPU
		{63660C7C-E350-4716-9D41-4273A2CAD24A}.Release|Any CPU.Build.0 = Release|Any CPU
		{3BF4A17D-992B-4ADF-AB70-25309E83B654}.Debug|Any CPU.ActiveCfg = Debug|Any CPU
		{3BF4A17D-992B-4ADF-AB70-25309E83B654}.Debug|Any CPU.Build.0 = Debug|Any CPU
		{3BF4A17D-992B-4ADF-AB70-25309E83B654}.Release|Any CPU.ActiveCfg = Release|Any CPU
		{3BF4A17D-992B-4ADF-AB70-25309E83B654}.Release|Any CPU.Build.0 = Release|Any CPU
		{25E4505D-6479-4ADC-9858-545CE2C8C362}.Debug|Any CPU.ActiveCfg = Debug|Any CPU
		{25E4505D-6479-4ADC-9858-545CE2C8C362}.Debug|Any CPU.Build.0 = Debug|Any CPU
		{25E4505D-6479-4ADC-9858-545CE2C8C362}.Release|Any CPU.ActiveCfg = Release|Any CPU
		{25E4505D-6479-4ADC-9858-545CE2C8C362}.Release|Any CPU.Build.0 = Release|Any CPU
		{490D206E-57FA-4D5D-91B1-50A0B5469F4C}.Debug|Any CPU.ActiveCfg = Debug|Any CPU
		{490D206E-57FA-4D5D-91B1-50A0B5469F4C}.Debug|Any CPU.Build.0 = Debug|Any CPU
		{490D206E-57FA-4D5D-91B1-50A0B5469F4C}.Release|Any CPU.ActiveCfg = Release|Any CPU
		{490D206E-57FA-4D5D-91B1-50A0B5469F4C}.Release|Any CPU.Build.0 = Release|Any CPU
		{E2ACB1AE-D73D-443E-87A3-76285C46CB21}.Debug|Any CPU.ActiveCfg = Debug|Any CPU
		{E2ACB1AE-D73D-443E-87A3-76285C46CB21}.Debug|Any CPU.Build.0 = Debug|Any CPU
		{E2ACB1AE-D73D-443E-87A3-76285C46CB21}.Release|Any CPU.ActiveCfg = Release|Any CPU
		{E2ACB1AE-D73D-443E-87A3-76285C46CB21}.Release|Any CPU.Build.0 = Release|Any CPU
		{FEB28673-BC0D-4A70-9D98-8044F1825980}.Debug|Any CPU.ActiveCfg = Debug|Any CPU
		{FEB28673-BC0D-4A70-9D98-8044F1825980}.Debug|Any CPU.Build.0 = Debug|Any CPU
		{FEB28673-BC0D-4A70-9D98-8044F1825980}.Release|Any CPU.ActiveCfg = Release|Any CPU
		{FEB28673-BC0D-4A70-9D98-8044F1825980}.Release|Any CPU.Build.0 = Release|Any CPU
		{DE2EF300-8081-49FC-8F46-02F11B8A29B5}.Debug|Any CPU.ActiveCfg = Debug|Any CPU
		{DE2EF300-8081-49FC-8F46-02F11B8A29B5}.Debug|Any CPU.Build.0 = Debug|Any CPU
		{DE2EF300-8081-49FC-8F46-02F11B8A29B5}.Release|Any CPU.ActiveCfg = Release|Any CPU
		{DE2EF300-8081-49FC-8F46-02F11B8A29B5}.Release|Any CPU.Build.0 = Release|Any CPU
		{F6D94ADC-F617-4B3A-AF0B-A2C7E3B676C1}.Debug|Any CPU.ActiveCfg = Debug|Any CPU
		{F6D94ADC-F617-4B3A-AF0B-A2C7E3B676C1}.Debug|Any CPU.Build.0 = Debug|Any CPU
		{F6D94ADC-F617-4B3A-AF0B-A2C7E3B676C1}.Release|Any CPU.ActiveCfg = Release|Any CPU
		{F6D94ADC-F617-4B3A-AF0B-A2C7E3B676C1}.Release|Any CPU.Build.0 = Release|Any CPU
		{F60D636E-CF77-40B7-B1F7-24FF536A3379}.Debug|Any CPU.ActiveCfg = Debug|Any CPU
		{F60D636E-CF77-40B7-B1F7-24FF536A3379}.Debug|Any CPU.Build.0 = Debug|Any CPU
		{F60D636E-CF77-40B7-B1F7-24FF536A3379}.Release|Any CPU.ActiveCfg = Release|Any CPU
		{F60D636E-CF77-40B7-B1F7-24FF536A3379}.Release|Any CPU.Build.0 = Release|Any CPU
		{5A25CD99-14C6-428D-9987-8E0386000F2F}.Debug|Any CPU.ActiveCfg = Debug|Any CPU
		{5A25CD99-14C6-428D-9987-8E0386000F2F}.Debug|Any CPU.Build.0 = Debug|Any CPU
		{5A25CD99-14C6-428D-9987-8E0386000F2F}.Release|Any CPU.ActiveCfg = Release|Any CPU
		{5A25CD99-14C6-428D-9987-8E0386000F2F}.Release|Any CPU.Build.0 = Release|Any CPU
		{349A7E6C-40D4-4D22-8127-ABF08B268E63}.Debug|Any CPU.ActiveCfg = Debug|Any CPU
		{349A7E6C-40D4-4D22-8127-ABF08B268E63}.Debug|Any CPU.Build.0 = Debug|Any CPU
		{349A7E6C-40D4-4D22-8127-ABF08B268E63}.Release|Any CPU.ActiveCfg = Release|Any CPU
		{349A7E6C-40D4-4D22-8127-ABF08B268E63}.Release|Any CPU.Build.0 = Release|Any CPU
		{0C354AB2-2E4C-400A-AC4C-AD56ABF65EEB}.Debug|Any CPU.ActiveCfg = Debug|Any CPU
		{0C354AB2-2E4C-400A-AC4C-AD56ABF65EEB}.Debug|Any CPU.Build.0 = Debug|Any CPU
		{0C354AB2-2E4C-400A-AC4C-AD56ABF65EEB}.Release|Any CPU.ActiveCfg = Release|Any CPU
		{0C354AB2-2E4C-400A-AC4C-AD56ABF65EEB}.Release|Any CPU.Build.0 = Release|Any CPU
		{97D78670-27D7-4989-82FE-F775FFDA1DA8}.Debug|Any CPU.ActiveCfg = Debug|Any CPU
		{97D78670-27D7-4989-82FE-F775FFDA1DA8}.Debug|Any CPU.Build.0 = Debug|Any CPU
		{97D78670-27D7-4989-82FE-F775FFDA1DA8}.Release|Any CPU.ActiveCfg = Release|Any CPU
		{97D78670-27D7-4989-82FE-F775FFDA1DA8}.Release|Any CPU.Build.0 = Release|Any CPU
	EndGlobalSection
	GlobalSection(SolutionProperties) = preSolution
		HideSolutionNode = FALSE
	EndGlobalSection
	GlobalSection(NestedProjects) = preSolution
		{FBE21457-A352-4DEE-A11B-1837050CEC66} = {02EA681E-C7D8-13C7-8484-4AC65E1B71E8}
		{1391E085-D359-4923-8AC7-A1191E366F8E} = {02EA681E-C7D8-13C7-8484-4AC65E1B71E8}
		{63660C7C-E350-4716-9D41-4273A2CAD24A} = {1391E085-D359-4923-8AC7-A1191E366F8E}
		{40094CF0-AE67-4B90-B391-D61AFF3A9F36} = {02EA681E-C7D8-13C7-8484-4AC65E1B71E8}
		{3BF4A17D-992B-4ADF-AB70-25309E83B654} = {40094CF0-AE67-4B90-B391-D61AFF3A9F36}
		{25E4505D-6479-4ADC-9858-545CE2C8C362} = {40094CF0-AE67-4B90-B391-D61AFF3A9F36}
		{490D206E-57FA-4D5D-91B1-50A0B5469F4C} = {40094CF0-AE67-4B90-B391-D61AFF3A9F36}
		{70897ED2-6CA1-467E-9E5F-B874A092309D} = {02EA681E-C7D8-13C7-8484-4AC65E1B71E8}
		{E2ACB1AE-D73D-443E-87A3-76285C46CB21} = {70897ED2-6CA1-467E-9E5F-B874A092309D}
		{FEB28673-BC0D-4A70-9D98-8044F1825980} = {70897ED2-6CA1-467E-9E5F-B874A092309D}
		{DE2EF300-8081-49FC-8F46-02F11B8A29B5} = {70897ED2-6CA1-467E-9E5F-B874A092309D}
		{F6D94ADC-F617-4B3A-AF0B-A2C7E3B676C1} = {D7568E5D-AD3F-4472-AAC9-6C476FD34950}
		{F60D636E-CF77-40B7-B1F7-24FF536A3379} = {D7568E5D-AD3F-4472-AAC9-6C476FD34950}
		{5A25CD99-14C6-428D-9987-8E0386000F2F} = {D7568E5D-AD3F-4472-AAC9-6C476FD34950}
		{349A7E6C-40D4-4D22-8127-ABF08B268E63} = {A2C8F750-33BD-4FDD-A093-919FFC177AF7}
		{0C354AB2-2E4C-400A-AC4C-AD56ABF65EEB} = {A2C8F750-33BD-4FDD-A093-919FFC177AF7}
		{97D78670-27D7-4989-82FE-F775FFDA1DA8} = {A2C8F750-33BD-4FDD-A093-919FFC177AF7}
	EndGlobalSection
	GlobalSection(ExtensibilityGlobals) = postSolution
		SolutionGuid = {25F4FCC0-14EB-4758-84F2-F7AA1D212268}
	EndGlobalSection
EndGlobal
